
Microsoft Visual Studio Solution File, Format Version 12.00
# Visual Studio 14
VisualStudioVersion = 14.0.25123.0
MinimumVisualStudioVersion = 10.0.40219.1
Project("{8BC9CEB8-8B4A-11D0-8D11-00A0C91BC942}") = "Freespace2", "Freespace2.vcxproj", "{A8030FA3-CEAB-4297-99E3-CD2CFB89830B}"
EndProject
Project("{8BC9CEB8-8B4A-11D0-8D11-00A0C91BC942}") = "libjpeg", "libjpeg.vcxproj", "{42A241F2-7996-4AAF-8491-FB885E2DC37D}"
EndProject
Project("{8BC9CEB8-8B4A-11D0-8D11-00A0C91BC942}") = "liblua", "liblua.vcxproj", "{332C7037-05BE-4202-93AC-182F1A2DF2AC}"
EndProject
Project("{8BC9CEB8-8B4A-11D0-8D11-00A0C91BC942}") = "libpng", "libpng.vcxproj", "{86C01EAC-2406-40A7-B744-AA858B7607A9}"
EndProject
Project("{8BC9CEB8-8B4A-11D0-8D11-00A0C91BC942}") = "zlib", "zlib.vcxproj", "{A2AFF4A4-D3A1-4BD4-86D2-673592598C38}"
EndProject
Project("{8BC9CEB8-8B4A-11D0-8D11-00A0C91BC942}") = "code", "code.vcxproj", "{C55F5706-E947-41EF-A3E8-6D711CD4ECD8}"
	ProjectSection(ProjectDependencies) = postProject
		{332C7037-05BE-4202-93AC-182F1A2DF2AC} = {332C7037-05BE-4202-93AC-182F1A2DF2AC}
		{A2AFF4A4-D3A1-4BD4-86D2-673592598C38} = {A2AFF4A4-D3A1-4BD4-86D2-673592598C38}
		{86C01EAC-2406-40A7-B744-AA858B7607A9} = {86C01EAC-2406-40A7-B744-AA858B7607A9}
		{42A241F2-7996-4AAF-8491-FB885E2DC37D} = {42A241F2-7996-4AAF-8491-FB885E2DC37D}
	EndProjectSection
EndProject
Project("{8BC9CEB8-8B4A-11D0-8D11-00A0C91BC942}") = "Fred2", "Fred2.vcxproj", "{92C8C611-75AA-4BD7-9B73-584822AAAEB5}"
	ProjectSection(ProjectDependencies) = postProject
		{C55F5706-E947-41EF-A3E8-6D711CD4ECD8} = {C55F5706-E947-41EF-A3E8-6D711CD4ECD8}
		{332C7037-05BE-4202-93AC-182F1A2DF2AC} = {332C7037-05BE-4202-93AC-182F1A2DF2AC}
		{A2AFF4A4-D3A1-4BD4-86D2-673592598C38} = {A2AFF4A4-D3A1-4BD4-86D2-673592598C38}
		{86C01EAC-2406-40A7-B744-AA858B7607A9} = {86C01EAC-2406-40A7-B744-AA858B7607A9}
		{42A241F2-7996-4AAF-8491-FB885E2DC37D} = {42A241F2-7996-4AAF-8491-FB885E2DC37D}
	EndProjectSection
EndProject
Project("{8BC9CEB8-8B4A-11D0-8D11-00A0C91BC942}") = "RenderingPlugin", "..\..\NativeRenderingPlugin\PluginSource\projects\VisualStudio2015\RenderingPlugin.vcxproj", "{F7CFEF5A-54BD-42E8-A59E-54ABAEB4EA9C}"
	ProjectSection(ProjectDependencies) = postProject
		{C55F5706-E947-41EF-A3E8-6D711CD4ECD8} = {C55F5706-E947-41EF-A3E8-6D711CD4ECD8}
		{332C7037-05BE-4202-93AC-182F1A2DF2AC} = {332C7037-05BE-4202-93AC-182F1A2DF2AC}
		{A2AFF4A4-D3A1-4BD4-86D2-673592598C38} = {A2AFF4A4-D3A1-4BD4-86D2-673592598C38}
		{86C01EAC-2406-40A7-B744-AA858B7607A9} = {86C01EAC-2406-40A7-B744-AA858B7607A9}
		{42A241F2-7996-4AAF-8491-FB885E2DC37D} = {42A241F2-7996-4AAF-8491-FB885E2DC37D}
	EndProjectSection
EndProject
Global
	GlobalSection(SolutionConfigurationPlatforms) = preSolution
		Debug AVX|Win32 = Debug AVX|Win32
		Debug AVX|x64 = Debug AVX|x64
		Debug SSE|Win32 = Debug SSE|Win32
		Debug SSE|x64 = Debug SSE|x64
		Debug SSE2|Win32 = Debug SSE2|Win32
		Debug SSE2|x64 = Debug SSE2|x64
		Debug|Win32 = Debug|Win32
		Debug|x64 = Debug|x64
		Release AVX|Win32 = Release AVX|Win32
		Release AVX|x64 = Release AVX|x64
		Release SSE|Win32 = Release SSE|Win32
		Release SSE|x64 = Release SSE|x64
		Release SSE2|Win32 = Release SSE2|Win32
		Release SSE2|x64 = Release SSE2|x64
		Release|Win32 = Release|Win32
		Release|x64 = Release|x64
	EndGlobalSection
	GlobalSection(ProjectConfigurationPlatforms) = postSolution
		{A8030FA3-CEAB-4297-99E3-CD2CFB89830B}.Debug AVX|Win32.ActiveCfg = Debug AVX|Win32
		{A8030FA3-CEAB-4297-99E3-CD2CFB89830B}.Debug AVX|Win32.Build.0 = Debug AVX|Win32
		{A8030FA3-CEAB-4297-99E3-CD2CFB89830B}.Debug AVX|x64.ActiveCfg = Debug AVX|Win32
		{A8030FA3-CEAB-4297-99E3-CD2CFB89830B}.Debug SSE|Win32.ActiveCfg = Debug SSE|Win32
		{A8030FA3-CEAB-4297-99E3-CD2CFB89830B}.Debug SSE|Win32.Build.0 = Debug SSE|Win32
		{A8030FA3-CEAB-4297-99E3-CD2CFB89830B}.Debug SSE|x64.ActiveCfg = Debug SSE|Win32
		{A8030FA3-CEAB-4297-99E3-CD2CFB89830B}.Debug SSE2|Win32.ActiveCfg = Debug SSE2|Win32
		{A8030FA3-CEAB-4297-99E3-CD2CFB89830B}.Debug SSE2|Win32.Build.0 = Debug SSE2|Win32
		{A8030FA3-CEAB-4297-99E3-CD2CFB89830B}.Debug SSE2|x64.ActiveCfg = Debug SSE2|Win32
		{A8030FA3-CEAB-4297-99E3-CD2CFB89830B}.Debug|Win32.ActiveCfg = Debug|Win32
		{A8030FA3-CEAB-4297-99E3-CD2CFB89830B}.Debug|Win32.Build.0 = Debug|Win32
		{A8030FA3-CEAB-4297-99E3-CD2CFB89830B}.Debug|x64.ActiveCfg = Debug|Win32
		{A8030FA3-CEAB-4297-99E3-CD2CFB89830B}.Release AVX|Win32.ActiveCfg = Release AVX|Win32
		{A8030FA3-CEAB-4297-99E3-CD2CFB89830B}.Release AVX|Win32.Build.0 = Release AVX|Win32
		{A8030FA3-CEAB-4297-99E3-CD2CFB89830B}.Release AVX|x64.ActiveCfg = Release AVX|Win32
		{A8030FA3-CEAB-4297-99E3-CD2CFB89830B}.Release SSE|Win32.ActiveCfg = Release SSE|Win32
		{A8030FA3-CEAB-4297-99E3-CD2CFB89830B}.Release SSE|Win32.Build.0 = Release SSE|Win32
		{A8030FA3-CEAB-4297-99E3-CD2CFB89830B}.Release SSE|x64.ActiveCfg = Release SSE|Win32
		{A8030FA3-CEAB-4297-99E3-CD2CFB89830B}.Release SSE2|Win32.ActiveCfg = Release SSE2|Win32
		{A8030FA3-CEAB-4297-99E3-CD2CFB89830B}.Release SSE2|Win32.Build.0 = Release SSE2|Win32
		{A8030FA3-CEAB-4297-99E3-CD2CFB89830B}.Release SSE2|x64.ActiveCfg = Release SSE2|Win32
		{A8030FA3-CEAB-4297-99E3-CD2CFB89830B}.Release|Win32.ActiveCfg = Release|Win32
		{A8030FA3-CEAB-4297-99E3-CD2CFB89830B}.Release|Win32.Build.0 = Release|Win32
		{A8030FA3-CEAB-4297-99E3-CD2CFB89830B}.Release|x64.ActiveCfg = Release|Win32
		{42A241F2-7996-4AAF-8491-FB885E2DC37D}.Debug AVX|Win32.ActiveCfg = Debug AVX|Win32
		{42A241F2-7996-4AAF-8491-FB885E2DC37D}.Debug AVX|Win32.Build.0 = Debug AVX|Win32
		{42A241F2-7996-4AAF-8491-FB885E2DC37D}.Debug AVX|x64.ActiveCfg = Debug AVX|Win32
		{42A241F2-7996-4AAF-8491-FB885E2DC37D}.Debug SSE|Win32.ActiveCfg = Debug SSE|Win32
		{42A241F2-7996-4AAF-8491-FB885E2DC37D}.Debug SSE|Win32.Build.0 = Debug SSE|Win32
		{42A241F2-7996-4AAF-8491-FB885E2DC37D}.Debug SSE|x64.ActiveCfg = Debug SSE|Win32
		{42A241F2-7996-4AAF-8491-FB885E2DC37D}.Debug SSE2|Win32.ActiveCfg = Debug SSE2|Win32
		{42A241F2-7996-4AAF-8491-FB885E2DC37D}.Debug SSE2|Win32.Build.0 = Debug SSE2|Win32
		{42A241F2-7996-4AAF-8491-FB885E2DC37D}.Debug SSE2|x64.ActiveCfg = Debug SSE2|Win32
		{42A241F2-7996-4AAF-8491-FB885E2DC37D}.Debug|Win32.ActiveCfg = Debug|Win32
		{42A241F2-7996-4AAF-8491-FB885E2DC37D}.Debug|Win32.Build.0 = Debug|Win32
		{42A241F2-7996-4AAF-8491-FB885E2DC37D}.Debug|x64.ActiveCfg = Debug|Win32
		{42A241F2-7996-4AAF-8491-FB885E2DC37D}.Release AVX|Win32.ActiveCfg = Release AVX|Win32
		{42A241F2-7996-4AAF-8491-FB885E2DC37D}.Release AVX|Win32.Build.0 = Release AVX|Win32
		{42A241F2-7996-4AAF-8491-FB885E2DC37D}.Release AVX|x64.ActiveCfg = Release AVX|Win32
		{42A241F2-7996-4AAF-8491-FB885E2DC37D}.Release SSE|Win32.ActiveCfg = Release SSE|Win32
		{42A241F2-7996-4AAF-8491-FB885E2DC37D}.Release SSE|Win32.Build.0 = Release SSE|Win32
		{42A241F2-7996-4AAF-8491-FB885E2DC37D}.Release SSE|x64.ActiveCfg = Release SSE|Win32
		{42A241F2-7996-4AAF-8491-FB885E2DC37D}.Release SSE2|Win32.ActiveCfg = Release SSE2|Win32
		{42A241F2-7996-4AAF-8491-FB885E2DC37D}.Release SSE2|Win32.Build.0 = Release SSE2|Win32
		{42A241F2-7996-4AAF-8491-FB885E2DC37D}.Release SSE2|x64.ActiveCfg = Release SSE2|Win32
		{42A241F2-7996-4AAF-8491-FB885E2DC37D}.Release|Win32.ActiveCfg = Release|Win32
		{42A241F2-7996-4AAF-8491-FB885E2DC37D}.Release|Win32.Build.0 = Release|Win32
		{42A241F2-7996-4AAF-8491-FB885E2DC37D}.Release|x64.ActiveCfg = Release|Win32
		{332C7037-05BE-4202-93AC-182F1A2DF2AC}.Debug AVX|Win32.ActiveCfg = Debug AVX|Win32
		{332C7037-05BE-4202-93AC-182F1A2DF2AC}.Debug AVX|Win32.Build.0 = Debug AVX|Win32
		{332C7037-05BE-4202-93AC-182F1A2DF2AC}.Debug AVX|x64.ActiveCfg = Debug AVX|Win32
		{332C7037-05BE-4202-93AC-182F1A2DF2AC}.Debug SSE|Win32.ActiveCfg = Debug SSE|Win32
		{332C7037-05BE-4202-93AC-182F1A2DF2AC}.Debug SSE|Win32.Build.0 = Debug SSE|Win32
		{332C7037-05BE-4202-93AC-182F1A2DF2AC}.Debug SSE|x64.ActiveCfg = Debug SSE|Win32
		{332C7037-05BE-4202-93AC-182F1A2DF2AC}.Debug SSE2|Win32.ActiveCfg = Debug SSE2|Win32
		{332C7037-05BE-4202-93AC-182F1A2DF2AC}.Debug SSE2|Win32.Build.0 = Debug SSE2|Win32
		{332C7037-05BE-4202-93AC-182F1A2DF2AC}.Debug SSE2|x64.ActiveCfg = Debug SSE2|Win32
		{332C7037-05BE-4202-93AC-182F1A2DF2AC}.Debug|Win32.ActiveCfg = Debug|Win32
		{332C7037-05BE-4202-93AC-182F1A2DF2AC}.Debug|Win32.Build.0 = Debug|Win32
		{332C7037-05BE-4202-93AC-182F1A2DF2AC}.Debug|x64.ActiveCfg = Debug|Win32
		{332C7037-05BE-4202-93AC-182F1A2DF2AC}.Release AVX|Win32.ActiveCfg = Release AVX|Win32
		{332C7037-05BE-4202-93AC-182F1A2DF2AC}.Release AVX|Win32.Build.0 = Release AVX|Win32
		{332C7037-05BE-4202-93AC-182F1A2DF2AC}.Release AVX|x64.ActiveCfg = Release AVX|Win32
		{332C7037-05BE-4202-93AC-182F1A2DF2AC}.Release SSE|Win32.ActiveCfg = Release SSE|Win32
		{332C7037-05BE-4202-93AC-182F1A2DF2AC}.Release SSE|Win32.Build.0 = Release SSE|Win32
		{332C7037-05BE-4202-93AC-182F1A2DF2AC}.Release SSE|x64.ActiveCfg = Release SSE|Win32
		{332C7037-05BE-4202-93AC-182F1A2DF2AC}.Release SSE2|Win32.ActiveCfg = Release SSE2|Win32
		{332C7037-05BE-4202-93AC-182F1A2DF2AC}.Release SSE2|Win32.Build.0 = Release SSE2|Win32
		{332C7037-05BE-4202-93AC-182F1A2DF2AC}.Release SSE2|x64.ActiveCfg = Release SSE2|Win32
		{332C7037-05BE-4202-93AC-182F1A2DF2AC}.Release|Win32.ActiveCfg = Release|Win32
		{332C7037-05BE-4202-93AC-182F1A2DF2AC}.Release|Win32.Build.0 = Release|Win32
		{332C7037-05BE-4202-93AC-182F1A2DF2AC}.Release|x64.ActiveCfg = Release|Win32
		{86C01EAC-2406-40A7-B744-AA858B7607A9}.Debug AVX|Win32.ActiveCfg = Debug AVX|Win32
		{86C01EAC-2406-40A7-B744-AA858B7607A9}.Debug AVX|Win32.Build.0 = Debug AVX|Win32
		{86C01EAC-2406-40A7-B744-AA858B7607A9}.Debug AVX|x64.ActiveCfg = Debug AVX|Win32
		{86C01EAC-2406-40A7-B744-AA858B7607A9}.Debug SSE|Win32.ActiveCfg = Debug SSE|Win32
		{86C01EAC-2406-40A7-B744-AA858B7607A9}.Debug SSE|Win32.Build.0 = Debug SSE|Win32
		{86C01EAC-2406-40A7-B744-AA858B7607A9}.Debug SSE|x64.ActiveCfg = Debug SSE|Win32
		{86C01EAC-2406-40A7-B744-AA858B7607A9}.Debug SSE2|Win32.ActiveCfg = Debug SSE2|Win32
		{86C01EAC-2406-40A7-B744-AA858B7607A9}.Debug SSE2|Win32.Build.0 = Debug SSE2|Win32
		{86C01EAC-2406-40A7-B744-AA858B7607A9}.Debug SSE2|x64.ActiveCfg = Debug SSE2|Win32
		{86C01EAC-2406-40A7-B744-AA858B7607A9}.Debug|Win32.ActiveCfg = Debug|Win32
		{86C01EAC-2406-40A7-B744-AA858B7607A9}.Debug|Win32.Build.0 = Debug|Win32
		{86C01EAC-2406-40A7-B744-AA858B7607A9}.Debug|x64.ActiveCfg = Debug|Win32
		{86C01EAC-2406-40A7-B744-AA858B7607A9}.Release AVX|Win32.ActiveCfg = Release AVX|Win32
		{86C01EAC-2406-40A7-B744-AA858B7607A9}.Release AVX|Win32.Build.0 = Release AVX|Win32
		{86C01EAC-2406-40A7-B744-AA858B7607A9}.Release AVX|x64.ActiveCfg = Release AVX|Win32
		{86C01EAC-2406-40A7-B744-AA858B7607A9}.Release SSE|Win32.ActiveCfg = Release SSE|Win32
		{86C01EAC-2406-40A7-B744-AA858B7607A9}.Release SSE|Win32.Build.0 = Release SSE|Win32
		{86C01EAC-2406-40A7-B744-AA858B7607A9}.Release SSE|x64.ActiveCfg = Release SSE|Win32
		{86C01EAC-2406-40A7-B744-AA858B7607A9}.Release SSE2|Win32.ActiveCfg = Release SSE2|Win32
		{86C01EAC-2406-40A7-B744-AA858B7607A9}.Release SSE2|Win32.Build.0 = Release SSE2|Win32
		{86C01EAC-2406-40A7-B744-AA858B7607A9}.Release SSE2|x64.ActiveCfg = Release SSE2|Win32
		{86C01EAC-2406-40A7-B744-AA858B7607A9}.Release|Win32.ActiveCfg = Release|Win32
		{86C01EAC-2406-40A7-B744-AA858B7607A9}.Release|Win32.Build.0 = Release|Win32
		{86C01EAC-2406-40A7-B744-AA858B7607A9}.Release|x64.ActiveCfg = Release|Win32
		{A2AFF4A4-D3A1-4BD4-86D2-673592598C38}.Debug AVX|Win32.ActiveCfg = Debug AVX|Win32
		{A2AFF4A4-D3A1-4BD4-86D2-673592598C38}.Debug AVX|Win32.Build.0 = Debug AVX|Win32
		{A2AFF4A4-D3A1-4BD4-86D2-673592598C38}.Debug AVX|x64.ActiveCfg = Debug AVX|Win32
		{A2AFF4A4-D3A1-4BD4-86D2-673592598C38}.Debug SSE|Win32.ActiveCfg = Debug SSE|Win32
		{A2AFF4A4-D3A1-4BD4-86D2-673592598C38}.Debug SSE|Win32.Build.0 = Debug SSE|Win32
		{A2AFF4A4-D3A1-4BD4-86D2-673592598C38}.Debug SSE|x64.ActiveCfg = Debug SSE|Win32
		{A2AFF4A4-D3A1-4BD4-86D2-673592598C38}.Debug SSE2|Win32.ActiveCfg = Debug SSE2|Win32
		{A2AFF4A4-D3A1-4BD4-86D2-673592598C38}.Debug SSE2|Win32.Build.0 = Debug SSE2|Win32
		{A2AFF4A4-D3A1-4BD4-86D2-673592598C38}.Debug SSE2|x64.ActiveCfg = Debug SSE2|Win32
		{A2AFF4A4-D3A1-4BD4-86D2-673592598C38}.Debug|Win32.ActiveCfg = Debug|Win32
		{A2AFF4A4-D3A1-4BD4-86D2-673592598C38}.Debug|Win32.Build.0 = Debug|Win32
		{A2AFF4A4-D3A1-4BD4-86D2-673592598C38}.Debug|x64.ActiveCfg = Debug|Win32
		{A2AFF4A4-D3A1-4BD4-86D2-673592598C38}.Release AVX|Win32.ActiveCfg = Release AVX|Win32
		{A2AFF4A4-D3A1-4BD4-86D2-673592598C38}.Release AVX|Win32.Build.0 = Release AVX|Win32
		{A2AFF4A4-D3A1-4BD4-86D2-673592598C38}.Release AVX|x64.ActiveCfg = Release AVX|Win32
		{A2AFF4A4-D3A1-4BD4-86D2-673592598C38}.Release SSE|Win32.ActiveCfg = Release SSE|Win32
		{A2AFF4A4-D3A1-4BD4-86D2-673592598C38}.Release SSE|Win32.Build.0 = Release SSE|Win32
		{A2AFF4A4-D3A1-4BD4-86D2-673592598C38}.Release SSE|x64.ActiveCfg = Release SSE|Win32
		{A2AFF4A4-D3A1-4BD4-86D2-673592598C38}.Release SSE2|Win32.ActiveCfg = Release SSE2|Win32
		{A2AFF4A4-D3A1-4BD4-86D2-673592598C38}.Release SSE2|Win32.Build.0 = Release SSE2|Win32
		{A2AFF4A4-D3A1-4BD4-86D2-673592598C38}.Release SSE2|x64.ActiveCfg = Release SSE2|Win32
		{A2AFF4A4-D3A1-4BD4-86D2-673592598C38}.Release|Win32.ActiveCfg = Release|Win32
		{A2AFF4A4-D3A1-4BD4-86D2-673592598C38}.Release|Win32.Build.0 = Release|Win32
		{A2AFF4A4-D3A1-4BD4-86D2-673592598C38}.Release|x64.ActiveCfg = Release|Win32
		{C55F5706-E947-41EF-A3E8-6D711CD4ECD8}.Debug AVX|Win32.ActiveCfg = Debug AVX|Win32
		{C55F5706-E947-41EF-A3E8-6D711CD4ECD8}.Debug AVX|Win32.Build.0 = Debug AVX|Win32
		{C55F5706-E947-41EF-A3E8-6D711CD4ECD8}.Debug AVX|x64.ActiveCfg = Debug AVX|Win32
		{C55F5706-E947-41EF-A3E8-6D711CD4ECD8}.Debug SSE|Win32.ActiveCfg = Debug SSE|Win32
		{C55F5706-E947-41EF-A3E8-6D711CD4ECD8}.Debug SSE|Win32.Build.0 = Debug SSE|Win32
		{C55F5706-E947-41EF-A3E8-6D711CD4ECD8}.Debug SSE|x64.ActiveCfg = Debug SSE|Win32
		{C55F5706-E947-41EF-A3E8-6D711CD4ECD8}.Debug SSE2|Win32.ActiveCfg = Debug SSE2|Win32
		{C55F5706-E947-41EF-A3E8-6D711CD4ECD8}.Debug SSE2|Win32.Build.0 = Debug SSE2|Win32
		{C55F5706-E947-41EF-A3E8-6D711CD4ECD8}.Debug SSE2|x64.ActiveCfg = Debug SSE2|Win32
		{C55F5706-E947-41EF-A3E8-6D711CD4ECD8}.Debug|Win32.ActiveCfg = Debug|Win32
		{C55F5706-E947-41EF-A3E8-6D711CD4ECD8}.Debug|Win32.Build.0 = Debug|Win32
		{C55F5706-E947-41EF-A3E8-6D711CD4ECD8}.Debug|x64.ActiveCfg = Debug|Win32
		{C55F5706-E947-41EF-A3E8-6D711CD4ECD8}.Release AVX|Win32.ActiveCfg = Release AVX|Win32
		{C55F5706-E947-41EF-A3E8-6D711CD4ECD8}.Release AVX|Win32.Build.0 = Release AVX|Win32
		{C55F5706-E947-41EF-A3E8-6D711CD4ECD8}.Release AVX|x64.ActiveCfg = Release AVX|Win32
		{C55F5706-E947-41EF-A3E8-6D711CD4ECD8}.Release SSE|Win32.ActiveCfg = Release SSE|Win32
		{C55F5706-E947-41EF-A3E8-6D711CD4ECD8}.Release SSE|Win32.Build.0 = Release SSE|Win32
		{C55F5706-E947-41EF-A3E8-6D711CD4ECD8}.Release SSE|x64.ActiveCfg = Release SSE|Win32
		{C55F5706-E947-41EF-A3E8-6D711CD4ECD8}.Release SSE2|Win32.ActiveCfg = Release SSE2|Win32
		{C55F5706-E947-41EF-A3E8-6D711CD4ECD8}.Release SSE2|Win32.Build.0 = Release SSE2|Win32
		{C55F5706-E947-41EF-A3E8-6D711CD4ECD8}.Release SSE2|x64.ActiveCfg = Release SSE2|Win32
		{C55F5706-E947-41EF-A3E8-6D711CD4ECD8}.Release|Win32.ActiveCfg = Release|Win32
		{C55F5706-E947-41EF-A3E8-6D711CD4ECD8}.Release|Win32.Build.0 = Release|Win32
		{C55F5706-E947-41EF-A3E8-6D711CD4ECD8}.Release|x64.ActiveCfg = Release|Win32
		{92C8C611-75AA-4BD7-9B73-584822AAAEB5}.Debug AVX|Win32.ActiveCfg = Debug AVX|Win32
		{92C8C611-75AA-4BD7-9B73-584822AAAEB5}.Debug AVX|Win32.Build.0 = Debug AVX|Win32
		{92C8C611-75AA-4BD7-9B73-584822AAAEB5}.Debug AVX|x64.ActiveCfg = Debug AVX|Win32
		{92C8C611-75AA-4BD7-9B73-584822AAAEB5}.Debug SSE|Win32.ActiveCfg = Debug SSE|Win32
		{92C8C611-75AA-4BD7-9B73-584822AAAEB5}.Debug SSE|Win32.Build.0 = Debug SSE|Win32
		{92C8C611-75AA-4BD7-9B73-584822AAAEB5}.Debug SSE|x64.ActiveCfg = Debug SSE|Win32
		{92C8C611-75AA-4BD7-9B73-584822AAAEB5}.Debug SSE2|Win32.ActiveCfg = Debug SSE2|Win32
		{92C8C611-75AA-4BD7-9B73-584822AAAEB5}.Debug SSE2|Win32.Build.0 = Debug SSE2|Win32
		{92C8C611-75AA-4BD7-9B73-584822AAAEB5}.Debug SSE2|x64.ActiveCfg = Debug SSE2|Win32
		{92C8C611-75AA-4BD7-9B73-584822AAAEB5}.Debug|Win32.ActiveCfg = Debug|Win32
		{92C8C611-75AA-4BD7-9B73-584822AAAEB5}.Debug|Win32.Build.0 = Debug|Win32
		{92C8C611-75AA-4BD7-9B73-584822AAAEB5}.Debug|x64.ActiveCfg = Debug|Win32
		{92C8C611-75AA-4BD7-9B73-584822AAAEB5}.Release AVX|Win32.ActiveCfg = Release AVX|Win32
		{92C8C611-75AA-4BD7-9B73-584822AAAEB5}.Release AVX|Win32.Build.0 = Release AVX|Win32
		{92C8C611-75AA-4BD7-9B73-584822AAAEB5}.Release AVX|x64.ActiveCfg = Release AVX|Win32
		{92C8C611-75AA-4BD7-9B73-584822AAAEB5}.Release SSE|Win32.ActiveCfg = Release SSE|Win32
		{92C8C611-75AA-4BD7-9B73-584822AAAEB5}.Release SSE|Win32.Build.0 = Release SSE|Win32
		{92C8C611-75AA-4BD7-9B73-584822AAAEB5}.Release SSE|x64.ActiveCfg = Release SSE|Win32
		{92C8C611-75AA-4BD7-9B73-584822AAAEB5}.Release SSE2|Win32.ActiveCfg = Release SSE2|Win32
		{92C8C611-75AA-4BD7-9B73-584822AAAEB5}.Release SSE2|Win32.Build.0 = Release SSE2|Win32
		{92C8C611-75AA-4BD7-9B73-584822AAAEB5}.Release SSE2|x64.ActiveCfg = Release SSE2|Win32
		{92C8C611-75AA-4BD7-9B73-584822AAAEB5}.Release|Win32.ActiveCfg = Release|Win32
		{92C8C611-75AA-4BD7-9B73-584822AAAEB5}.Release|Win32.Build.0 = Release|Win32
		{92C8C611-75AA-4BD7-9B73-584822AAAEB5}.Release|x64.ActiveCfg = Release|Win32
		{F7CFEF5A-54BD-42E8-A59E-54ABAEB4EA9C}.Debug AVX|Win32.ActiveCfg = Debug|Win32
		{F7CFEF5A-54BD-42E8-A59E-54ABAEB4EA9C}.Debug AVX|Win32.Build.0 = Debug|Win32
		{F7CFEF5A-54BD-42E8-A59E-54ABAEB4EA9C}.Debug AVX|x64.ActiveCfg = Debug|x64
		{F7CFEF5A-54BD-42E8-A59E-54ABAEB4EA9C}.Debug AVX|x64.Build.0 = Debug|x64
		{F7CFEF5A-54BD-42E8-A59E-54ABAEB4EA9C}.Debug SSE|Win32.ActiveCfg = Debug|Win32
		{F7CFEF5A-54BD-42E8-A59E-54ABAEB4EA9C}.Debug SSE|Win32.Build.0 = Debug|Win32
		{F7CFEF5A-54BD-42E8-A59E-54ABAEB4EA9C}.Debug SSE|x64.ActiveCfg = Debug|x64
		{F7CFEF5A-54BD-42E8-A59E-54ABAEB4EA9C}.Debug SSE|x64.Build.0 = Debug|x64
		{F7CFEF5A-54BD-42E8-A59E-54ABAEB4EA9C}.Debug SSE2|Win32.ActiveCfg = Debug|Win32
		{F7CFEF5A-54BD-42E8-A59E-54ABAEB4EA9C}.Debug SSE2|Win32.Build.0 = Debug|Win32
		{F7CFEF5A-54BD-42E8-A59E-54ABAEB4EA9C}.Debug SSE2|x64.ActiveCfg = Debug|x64
		{F7CFEF5A-54BD-42E8-A59E-54ABAEB4EA9C}.Debug SSE2|x64.Build.0 = Debug|x64
		{F7CFEF5A-54BD-42E8-A59E-54ABAEB4EA9C}.Debug|Win32.ActiveCfg = Debug|Win32
		{F7CFEF5A-54BD-42E8-A59E-54ABAEB4EA9C}.Debug|Win32.Build.0 = Debug|Win32
		{F7CFEF5A-54BD-42E8-A59E-54ABAEB4EA9C}.Debug|x64.ActiveCfg = Debug|x64
		{F7CFEF5A-54BD-42E8-A59E-54ABAEB4EA9C}.Debug|x64.Build.0 = Debug|x64
		{F7CFEF5A-54BD-42E8-A59E-54ABAEB4EA9C}.Release AVX|Win32.ActiveCfg = Release|Win32
		{F7CFEF5A-54BD-42E8-A59E-54ABAEB4EA9C}.Release AVX|Win32.Build.0 = Release|Win32
		{F7CFEF5A-54BD-42E8-A59E-54ABAEB4EA9C}.Release AVX|x64.ActiveCfg = Release|x64
		{F7CFEF5A-54BD-42E8-A59E-54ABAEB4EA9C}.Release AVX|x64.Build.0 = Release|x64
		{F7CFEF5A-54BD-42E8-A59E-54ABAEB4EA9C}.Release SSE|Win32.ActiveCfg = Release|Win32
		{F7CFEF5A-54BD-42E8-A59E-54ABAEB4EA9C}.Release SSE|Win32.Build.0 = Release|Win32
		{F7CFEF5A-54BD-42E8-A59E-54ABAEB4EA9C}.Release SSE|x64.ActiveCfg = Release|x64
		{F7CFEF5A-54BD-42E8-A59E-54ABAEB4EA9C}.Release SSE|x64.Build.0 = Release|x64
		{F7CFEF5A-54BD-42E8-A59E-54ABAEB4EA9C}.Release SSE2|Win32.ActiveCfg = Release|Win32
		{F7CFEF5A-54BD-42E8-A59E-54ABAEB4EA9C}.Release SSE2|Win32.Build.0 = Release|Win32
		{F7CFEF5A-54BD-42E8-A59E-54ABAEB4EA9C}.Release SSE2|x64.ActiveCfg = Release|x64
		{F7CFEF5A-54BD-42E8-A59E-54ABAEB4EA9C}.Release SSE2|x64.Build.0 = Release|x64
		{F7CFEF5A-54BD-42E8-A59E-54ABAEB4EA9C}.Release|Win32.ActiveCfg = Release|Win32
		{F7CFEF5A-54BD-42E8-A59E-54ABAEB4EA9C}.Release|Win32.Build.0 = Release|Win32
		{F7CFEF5A-54BD-42E8-A59E-54ABAEB4EA9C}.Release|x64.ActiveCfg = Release|x64
		{F7CFEF5A-54BD-42E8-A59E-54ABAEB4EA9C}.Release|x64.Build.0 = Release|x64
	EndGlobalSection
	GlobalSection(SolutionProperties) = preSolution
		HideSolutionNode = FALSE
	EndGlobalSection
EndGlobal
